<?xml version="1.0" encoding="utf-8"?>
<Project ToolsVersion="4.0" xmlns="http://schemas.microsoft.com/developer/msbuild/2003">
  <ItemGroup>
    <Filter Include="Header Files">
      <UniqueIdentifier>{67DA6AB6-F800-4c08-8B7A-83BB121AAD01}</UniqueIdentifier>
      <Extensions>rc;ico;cur;bmp;dlg;rc2;rct;bin;rgs;gif;jpg;jpeg;jpe;resx;tiff;tif;png;wav;mfcribbon-ms</Extensions>
    </Filter>
    <Filter Include="Source Files">
      <UniqueIdentifier>{4FC737F1-C7A5-4376-A066-2A32D752A2FF}</UniqueIdentifier>
      <Extensions>cpp;c;cc;cxx;def;odl;idl;hpj;bat;asm;asmx</Extensions>
    </Filter>
    <Filter Include="extensions">
      <UniqueIdentifier>{a17d87c8-c478-4a6a-bd7e-17fed182d839}</UniqueIdentifier>
    </Filter>
  </ItemGroup>
  <ItemGroup>
    <ClCompile Include="..\CCBSequenceProperty.cpp">
      <Filter>Source Files</Filter>
    </ClCompile>
    <ClCompile Include="..\CCControlButtonLoader.cpp">
      <Filter>Source Files</Filter>
    </ClCompile>
    <ClCompile Include="..\CCControlLoader.cpp">
      <Filter>Source Files</Filter>
    </ClCompile>
    <ClCompile Include="..\CCLabelBMFontLoader.cpp">
      <Filter>Source Files</Filter>
    </ClCompile>
    <ClCompile Include="..\CCLabelTTFLoader.cpp">
      <Filter>Source Files</Filter>
    </ClCompile>
    <ClCompile Include="..\CCLayerColorLoader.cpp">
      <Filter>Source Files</Filter>
    </ClCompile>
    <ClCompile Include="..\CCLayerGradientLoader.cpp">
      <Filter>Source Files</Filter>
    </ClCompile>
    <ClCompile Include="..\CCLayerLoader.cpp">
      <Filter>Source Files</Filter>
    </ClCompile>
    <ClCompile Include="..\CCMenuItemImageLoader.cpp">
      <Filter>Source Files</Filter>
    </ClCompile>
    <ClCompile Include="..\CCMenuItemLoader.cpp">
      <Filter>Source Files</Filter>
    </ClCompile>
    <ClCompile Include="..\CCNode+CCBRelativePositioning.cpp">
      <Filter>Source Files</Filter>
    </ClCompile>
    <ClCompile Include="..\CCNodeLoader.cpp">
      <Filter>Source Files</Filter>
    </ClCompile>
    <ClCompile Include="..\CCNodeLoaderLibrary.cpp">
      <Filter>Source Files</Filter>
    </ClCompile>
    <ClCompile Include="..\CCParticleSystemQuadLoader.cpp">
      <Filter>Source Files</Filter>
    </ClCompile>
    <ClCompile Include="..\CCScale9SpriteLoader.cpp">
      <Filter>Source Files</Filter>
    </ClCompile>
    <ClCompile Include="..\CCScrollViewLoader.cpp">
      <Filter>Source Files</Filter>
    </ClCompile>
    <ClCompile Include="..\CCSpriteLoader.cpp">
      <Filter>Source Files</Filter>
    </ClCompile>
    <ClCompile Include="..\CCBAnimationManager.cpp">
      <Filter>Source Files</Filter>
    </ClCompile>
    <ClCompile Include="..\CCBFileLoader.cpp">
      <Filter>Source Files</Filter>
    </ClCompile>
    <ClCompile Include="..\CCBKeyframe.cpp">
      <Filter>Source Files</Filter>
    </ClCompile>
    <ClCompile Include="..\CCBReader.cpp">
      <Filter>Source Files</Filter>
    </ClCompile>
    <ClCompile Include="..\CCBSequence.cpp">
      <Filter>Source Files</Filter>
    </ClCompile>
    <ClCompile Include="..\..\..\..\extensions\GUI\CCControlExtension\CCControl.cpp">
      <Filter>extensions</Filter>
    </ClCompile>
    <ClCompile Include="..\..\..\..\extensions\GUI\CCControlExtension\CCControlButton.cpp">
      <Filter>extensions</Filter>
    </ClCompile>
    <ClCompile Include="..\..\..\..\extensions\GUI\CCControlExtension\CCControlColourPicker.cpp">
      <Filter>extensions</Filter>
    </ClCompile>
    <ClCompile Include="..\..\..\..\extensions\GUI\CCControlExtension\CCControlHuePicker.cpp">
      <Filter>extensions</Filter>
    </ClCompile>
    <ClCompile Include="..\..\..\..\extensions\GUI\CCControlExtension\CCControlPotentiometer.cpp">
      <Filter>extensions</Filter>
    </ClCompile>
    <ClCompile Include="..\..\..\..\extensions\GUI\CCControlExtension\CCControlSaturationBrightnessPicker.cpp">
      <Filter>extensions</Filter>
    </ClCompile>
    <ClCompile Include="..\..\..\..\extensions\GUI\CCControlExtension\CCControlSlider.cpp">
      <Filter>extensions</Filter>
    </ClCompile>
    <ClCompile Include="..\..\..\..\extensions\GUI\CCControlExtension\CCControlStepper.cpp">
      <Filter>extensions</Filter>
    </ClCompile>
    <ClCompile Include="..\..\..\..\extensions\GUI\CCControlExtension\CCControlSwitch.cpp">
      <Filter>extensions</Filter>
    </ClCompile>
    <ClCompile Include="..\..\..\..\extensions\GUI\CCControlExtension\CCControlUtils.cpp">
      <Filter>extensions</Filter>
    </ClCompile>
    <ClCompile Include="..\..\..\..\extensions\GUI\CCControlExtension\CCInvocation.cpp">
      <Filter>extensions</Filter>
    </ClCompile>
    <ClCompile Include="..\..\..\..\extensions\GUI\CCControlExtension\CCScale9Sprite.cpp">
      <Filter>extensions</Filter>
    </ClCompile>
    <ClCompile Include="..\..\..\..\extensions\GUI\CCScrollView\CCScrollView.cpp">
      <Filter>extensions</Filter>
    </ClCompile>
    <ClCompile Include="..\..\..\..\extensions\GUI\CCScrollView\CCTableView.cpp">
      <Filter>extensions</Filter>
    </ClCompile>
    <ClCompile Include="..\..\..\..\extensions\GUI\CCScrollView\CCTableViewCell.cpp">
      <Filter>extensions</Filter>
    </ClCompile>
    <ClCompile Include="..\..\..\..\extensions\GUI\CCEditBox\CCEditBox.cpp">
      <Filter>extensions</Filter>
    </ClCompile>
    <ClCompile Include="..\..\..\..\extensions\GUI\CCEditBox\CCEditBoxImplAndroid.cpp">
      <Filter>extensions</Filter>
    </ClCompile>
    <ClCompile Include="..\..\..\..\extensions\GUI\CCEditBox\CCEditBoxImplNone.cpp">
      <Filter>extensions</Filter>
    </ClCompile>
    <ClCompile Include="..\..\..\..\extensions\GUI\CCEditBox\CCEditBoxImplTizen.cpp">
      <Filter>extensions</Filter>
    </ClCompile>
    <ClCompile Include="..\..\..\..\extensions\GUI\CCEditBox\CCEditBoxImplWin.cpp">
      <Filter>extensions</Filter>
    </ClCompile>
  </ItemGroup>
  <ItemGroup>
    <ClInclude Include="..\CCParticleSystemQuadLoader.h">
      <Filter>Header Files</Filter>
    </ClInclude>
    <ClInclude Include="..\CCScale9SpriteLoader.h">
      <Filter>Header Files</Filter>
    </ClInclude>
    <ClInclude Include="..\CCScrollViewLoader.h">
      <Filter>Header Files</Filter>
    </ClInclude>
    <ClInclude Include="..\CCSpriteLoader.h">
      <Filter>Header Files</Filter>
    </ClInclude>
    <ClInclude Include="..\CocosBuilder.h">
      <Filter>Header Files</Filter>
    </ClInclude>
    <ClInclude Include="..\CCBAnimationManager.h">
      <Filter>Header Files</Filter>
    </ClInclude>
    <ClInclude Include="..\CCBFileLoader.h">
      <Filter>Header Files</Filter>
    </ClInclude>
    <ClInclude Include="..\CCBKeyframe.h">
      <Filter>Header Files</Filter>
    </ClInclude>
    <ClInclude Include="..\CCBMemberVariableAssigner.h">
      <Filter>Header Files</Filter>
    </ClInclude>
    <ClInclude Include="..\CCBReader.h">
      <Filter>Header Files</Filter>
    </ClInclude>
    <ClInclude Include="..\CCBSelectorResolver.h">
      <Filter>Header Files</Filter>
    </ClInclude>
    <ClInclude Include="..\CCBSequence.h">
      <Filter>Header Files</Filter>
    </ClInclude>
    <ClInclude Include="..\CCBSequenceProperty.h">
      <Filter>Header Files</Filter>
    </ClInclude>
    <ClInclude Include="..\CCControlButtonLoader.h">
      <Filter>Header Files</Filter>
    </ClInclude>
    <ClInclude Include="..\CCControlLoader.h">
      <Filter>Header Files</Filter>
    </ClInclude>
    <ClInclude Include="..\CCLabelBMFontLoader.h">
      <Filter>Header Files</Filter>
    </ClInclude>
    <ClInclude Include="..\CCLabelTTFLoader.h">
      <Filter>Header Files</Filter>
    </ClInclude>
    <ClInclude Include="..\CCLayerColorLoader.h">
      <Filter>Header Files</Filter>
    </ClInclude>
    <ClInclude Include="..\CCLayerGradientLoader.h">
      <Filter>Header Files</Filter>
    </ClInclude>
    <ClInclude Include="..\CCLayerLoader.h">
      <Filter>Header Files</Filter>
    </ClInclude>
    <ClInclude Include="..\CCMenuItemImageLoader.h">
      <Filter>Header Files</Filter>
    </ClInclude>
    <ClInclude Include="..\CCMenuItemLoader.h">
      <Filter>Header Files</Filter>
    </ClInclude>
    <ClInclude Include="..\CCMenuLoader.h">
      <Filter>Header Files</Filter>
    </ClInclude>
    <ClInclude Include="..\CCNode+CCBRelativePositioning.h">
      <Filter>Header Files</Filter>
    </ClInclude>
    <ClInclude Include="..\CCNodeLoader.h">
      <Filter>Header Files</Filter>
    </ClInclude>
    <ClInclude Include="..\CCNodeLoaderLibrary.h">
      <Filter>Header Files</Filter>
    </ClInclude>
    <ClInclude Include="..\CCNodeLoaderListener.h">
      <Filter>Header Files</Filter>
    </ClInclude>
    <ClInclude Include="..\..\..\..\extensions\GUI\CCControlExtension\CCControl.h">
      <Filter>extensions</Filter>
    </ClInclude>
    <ClInclude Include="..\..\..\..\extensions\GUI\CCControlExtension\CCControlButton.h">
      <Filter>extensions</Filter>
    </ClInclude>
    <ClInclude Include="..\..\..\..\extensions\GUI\CCControlExtension\CCControlColourPicker.h">
      <Filter>extensions</Filter>
    </ClInclude>
    <ClInclude Include="..\..\..\..\extensions\GUI\CCControlExtension\CCControlExtensions.h">
      <Filter>extensions</Filter>
    </ClInclude>
    <ClInclude Include="..\..\..\..\extensions\GUI\CCControlExtension\CCControlHuePicker.h">
      <Filter>extensions</Filter>
    </ClInclude>
    <ClInclude Include="..\..\..\..\extensions\GUI\CCControlExtension\CCControlPotentiometer.h">
      <Filter>extensions</Filter>
    </ClInclude>
    <ClInclude Include="..\..\..\..\extensions\GUI\CCControlExtension\CCControlSaturationBrightnessPicker.h">
      <Filter>extensions</Filter>
    </ClInclude>
    <ClInclude Include="..\..\..\..\extensions\GUI\CCControlExtension\CCControlSlider.h">
      <Filter>extensions</Filter>
    </ClInclude>
    <ClInclude Include="..\..\..\..\extensions\GUI\CCControlExtension\CCControlStepper.h">
      <Filter>extensions</Filter>
    </ClInclude>
    <ClInclude Include="..\..\..\..\extensions\GUI\CCControlExtension\CCControlSwitch.h">
      <Filter>extensions</Filter>
    </ClInclude>
    <ClInclude Include="..\..\..\..\extensions\GUI\CCControlExtension\CCControlUtils.h">
      <Filter>extensions</Filter>
    </ClInclude>
    <ClInclude Include="..\..\..\..\extensions\GUI\CCControlExtension\CCInvocation.h">
      <Filter>extensions</Filter>
    </ClInclude>
    <ClInclude Include="..\..\..\..\extensions\GUI\CCControlExtension\CCScale9Sprite.h">
      <Filter>extensions</Filter>
    </ClInclude>
    <ClInclude Include="..\..\..\..\extensions\GUI\CCScrollView\CCScrollView.h">
      <Filter>extensions</Filter>
    </ClInclude>
    <ClInclude Include="..\..\..\..\extensions\GUI\CCScrollView\CCTableView.h">
      <Filter>extensions</Filter>
    </ClInclude>
    <ClInclude Include="..\..\..\..\extensions\GUI\CCScrollView\CCTableViewCell.h">
      <Filter>extensions</Filter>
    </ClInclude>
    <ClInclude Include="..\..\..\..\extensions\GUI\CCEditBox\CCEditBox.h">
      <Filter>extensions</Filter>
    </ClInclude>
    <ClInclude Include="..\..\..\..\extensions\GUI\CCEditBox\CCEditBoxImpl.h">
      <Filter>extensions</Filter>
    </ClInclude>
    <ClInclude Include="..\..\..\..\extensions\GUI\CCEditBox\CCEditBoxImplAndroid.h">
      <Filter>extensions</Filter>
    </ClInclude>
    <ClInclude Include="..\..\..\..\extensions\GUI\CCEditBox\CCEditBoxImplIOS.h">
      <Filter>extensions</Filter>
    </ClInclude>
    <ClInclude Include="..\..\..\..\extensions\GUI\CCEditBox\CCEditBoxImplMac.h">
      <Filter>extensions</Filter>
    </ClInclude>
    <ClInclude Include="..\..\..\..\extensions\GUI\CCEditBox\CCEditBoxImplTizen.h">
      <Filter>extensions</Filter>
    </ClInclude>
    <ClInclude Include="..\..\..\..\extensions\GUI\CCEditBox\CCEditBoxImplWin.h">
      <Filter>extensions</Filter>
    </ClInclude>
  </ItemGroup>
  <ItemGroup>
    <None Include="..\..\..\..\extensions\GUI\CCEditBox\CCEditBoxImplIOS.mm">
      <Filter>extensions</Filter>
    </None>
    <None Include="..\..\..\..\extensions\GUI\CCEditBox\CCEditBoxImplMac.mm">
      <Filter>extensions</Filter>
    </None>
  </ItemGroup>
</Project>